Microsoft Visual Studio Solution File, Format Version 11.00
# Visual Studio 2010
Project("{54435603-DBB4-11D2-8724-00A0C9A8B90C}") = "MonetDB-ODBC-Installer", "MonetDB-ODBC-Installer.vdproj", "{33AE0CC1-169E-4168-978A-0CDDD1E6A51A}"
EndProject
Global
	GlobalSection(SolutionConfigurationPlatforms) = preSolution
		Debug|Default = Debug|Default
		Release|Default = Release|Default
	EndGlobalSection
	GlobalSection(ProjectConfigurationPlatforms) = postSolution
		{33AE0CC1-169E-4168-978A-0CDDD1E6A51A}.Debug|Default.ActiveCfg = Debug
		{33AE0CC1-169E-4168-978A-0CDDD1E6A51A}.Debug|Default.Build.0 = Debug
		{33AE0CC1-169E-4168-978A-0CDDD1E6A51A}.Release|Default.ActiveCfg = Release
		{33AE0CC1-169E-4168-978A-0CDDD1E6A51A}.Release|Default.Build.0 = Release
	EndGlobalSection
	GlobalSection(SolutionProperties) = preSolution
		HideSolutionNode = FALSE
	EndGlobalSection
EndGlobal
