Microsoft Visual Studio Solution File, Format Version 8.00
Project("{8BC9CEB8-8B4A-11D0-8D11-00A0C91BC942}") = "Mx", "Mx.vcproj", "{A6FB719A-3C13-4DDE-B82D-809D579F0AEA}"
	ProjectSection(ProjectDependencies) = postProject
		{408E0201-215B-424F-AECB-02668D827ADB} = {408E0201-215B-424F-AECB-02668D827ADB}
		{E7B3561F-5153-405A-83CA-3AD0C0CA80DD} = {E7B3561F-5153-405A-83CA-3AD0C0CA80DD}
	EndProjectSection
EndProject
Project("{8BC9CEB8-8B4A-11D0-8D11-00A0C91BC942}") = "MxLib", "MxLib.vcproj", "{408E0201-215B-424F-AECB-02668D827ADB}"
	ProjectSection(ProjectDependencies) = postProject
		{E7B3561F-5153-405A-83CA-3AD0C0CA80DD} = {E7B3561F-5153-405A-83CA-3AD0C0CA80DD}
	EndProjectSection
EndProject
Project("{8BC9CEB8-8B4A-11D0-8D11-00A0C91BC942}") = "config", "config.vcproj", "{E7B3561F-5153-405A-83CA-3AD0C0CA80DD}"
	ProjectSection(ProjectDependencies) = postProject
	EndProjectSection
EndProject
Global
	GlobalSection(SolutionConfiguration) = preSolution
		Debug = Debug
		Release = Release
	EndGlobalSection
	GlobalSection(ProjectConfiguration) = postSolution
		{A6FB719A-3C13-4DDE-B82D-809D579F0AEA}.Debug.ActiveCfg = Debug|Win32
		{A6FB719A-3C13-4DDE-B82D-809D579F0AEA}.Debug.Build.0 = Debug|Win32
		{A6FB719A-3C13-4DDE-B82D-809D579F0AEA}.Release.ActiveCfg = Release|Win32
		{A6FB719A-3C13-4DDE-B82D-809D579F0AEA}.Release.Build.0 = Release|Win32
		{408E0201-215B-424F-AECB-02668D827ADB}.Debug.ActiveCfg = Debug|Win32
		{408E0201-215B-424F-AECB-02668D827ADB}.Debug.Build.0 = Debug|Win32
		{408E0201-215B-424F-AECB-02668D827ADB}.Release.ActiveCfg = Release|Win32
		{408E0201-215B-424F-AECB-02668D827ADB}.Release.Build.0 = Release|Win32
		{E7B3561F-5153-405A-83CA-3AD0C0CA80DD}.Debug.ActiveCfg = Debug|Win32
		{E7B3561F-5153-405A-83CA-3AD0C0CA80DD}.Debug.Build.0 = Debug|Win32
		{E7B3561F-5153-405A-83CA-3AD0C0CA80DD}.Release.ActiveCfg = Release|Win32
		{E7B3561F-5153-405A-83CA-3AD0C0CA80DD}.Release.Build.0 = Release|Win32
		{B6441D66-A219-41B6-8671-DC63BC15D8E8}.Debug.ActiveCfg = Debug|Win32
		{B6441D66-A219-41B6-8671-DC63BC15D8E8}.Debug.Build.0 = Debug|Win32
		{B6441D66-A219-41B6-8671-DC63BC15D8E8}.Release.ActiveCfg = Release|Win32
		{B6441D66-A219-41B6-8671-DC63BC15D8E8}.Release.Build.0 = Release|Win32
		{7E7B0548-B66C-4561-B875-0F9F2FF981AE}.Debug.ActiveCfg = Debug|Win32
		{7E7B0548-B66C-4561-B875-0F9F2FF981AE}.Debug.Build.0 = Debug|Win32
		{7E7B0548-B66C-4561-B875-0F9F2FF981AE}.Release.ActiveCfg = Release|Win32
		{7E7B0548-B66C-4561-B875-0F9F2FF981AE}.Release.Build.0 = Release|Win32
	EndGlobalSection
	GlobalSection(ExtensibilityGlobals) = postSolution
	EndGlobalSection
	GlobalSection(ExtensibilityAddIns) = postSolution
	EndGlobalSection
EndGlobal
