Microsoft Visual Studio Solution File, Format Version 8.00
Project("{54435603-DBB4-11D2-8724-00A0C9A8B90C}") = "MonetDB-XQuery", "MonetDB-XQuery.vdproj", "{39879CBF-3FEC-4781-9B2D-7DD725CCA1F6}"
	ProjectSection(ProjectDependencies) = postProject
	EndProjectSection
EndProject
Global
	GlobalSection(SolutionConfiguration) = preSolution
		Debug = Debug
		Release = Release
	EndGlobalSection
	GlobalSection(ProjectConfiguration) = postSolution
		{39879CBF-3FEC-4781-9B2D-7DD725CCA1F6}.Debug.ActiveCfg = Debug
		{39879CBF-3FEC-4781-9B2D-7DD725CCA1F6}.Debug.Build.0 = Debug
		{39879CBF-3FEC-4781-9B2D-7DD725CCA1F6}.Release.ActiveCfg = Release
		{39879CBF-3FEC-4781-9B2D-7DD725CCA1F6}.Release.Build.0 = Release
	EndGlobalSection
	GlobalSection(ExtensibilityGlobals) = postSolution
	EndGlobalSection
	GlobalSection(ExtensibilityAddIns) = postSolution
	EndGlobalSection
EndGlobal
