
Microsoft Visual Studio Solution File, Format Version 9.00
# Visual Studio 2005
Project("{54435603-DBB4-11D2-8724-00A0C9A8B90C}") = "MonetDB4-XQuery64", "MonetDB4-XQuery64.vdproj", "{930B53DC-571F-4A98-A50C-E68C02CA848D}"
EndProject
Global
	GlobalSection(SolutionConfigurationPlatforms) = preSolution
		Debug|Default = Debug|Default
		Release|Default = Release|Default
		Description = MonetDB Common Libraries
	EndGlobalSection
	GlobalSection(ProjectConfigurationPlatforms) = postSolution
		{930B53DC-571F-4A98-A50C-E68C02CA848D}.Debug|Default.ActiveCfg = Debug
		{930B53DC-571F-4A98-A50C-E68C02CA848D}.Debug|Default.Build.0 = Debug
		{930B53DC-571F-4A98-A50C-E68C02CA848D}.Release|Default.ActiveCfg = Release
		{930B53DC-571F-4A98-A50C-E68C02CA848D}.Release|Default.Build.0 = Release
	EndGlobalSection
	GlobalSection(SolutionProperties) = preSolution
		HideSolutionNode = FALSE
	EndGlobalSection
EndGlobal
